# THIS IS AN AUTOGENERATED FILE. DO NOT EDIT THIS FILE DIRECTLY.
# yarn lockfile v1


"@ampproject/remapping@^2.2.0":
  version "2.2.1"
  resolved "https://registry.npmjs.org/@ampproject/remapping/-/remapping-2.2.1.tgz"
  integrity sha512-lFMjJTrFL3j7L9yBxwYfCq2k6qqwHyzuUl/XBnif78PWTJYyL/dfowQHWE3sp6U6ZzqWiiIZnpTMO96zhkjwtg==
  dependencies:
    "@jridgewell/gen-mapping" "^0.3.0"
    "@jridgewell/trace-mapping" "^0.3.9"

"@babel/code-frame@^7.0.0", "@babel/code-frame@^7.21.4":
  version "7.21.4"
  resolved "https://registry.npmjs.org/@babel/code-frame/-/code-frame-7.21.4.tgz"
  integrity sha512-LYvhNKfwWSPpocw8GI7gpK2nq3HSDuEPC/uSYaALSJu9xjsalaaYFOq0Pwt5KmVqwEbZlDu81aLXwBOmD/Fv9g==
  dependencies:
    "@babel/highlight" "^7.18.6"

"@babel/compat-data@^7.22.0":
  version "7.22.3"
  resolved "https://registry.npmjs.org/@babel/compat-data/-/compat-data-7.22.3.tgz"
  integrity sha512-aNtko9OPOwVESUFp3MZfD8Uzxl7JzSeJpd7npIoxCasU37PFbAQRpKglkaKwlHOyeJdrREpo8TW8ldrkYWwvIQ==

"@babel/core@^7.0.0", "@babel/core@^7.0.0-0":
  version "7.22.1"
  resolved "https://registry.npmjs.org/@babel/core/-/core-7.22.1.tgz"
  integrity sha512-Hkqu7J4ynysSXxmAahpN1jjRwVJ+NdpraFLIWflgjpVob3KNyK3/tIUc7Q7szed8WMp0JNa7Qtd1E9Oo22F9gA==
  dependencies:
    "@ampproject/remapping" "^2.2.0"
    "@babel/code-frame" "^7.21.4"
    "@babel/generator" "^7.22.0"
    "@babel/helper-compilation-targets" "^7.22.1"
    "@babel/helper-module-transforms" "^7.22.1"
    "@babel/helpers" "^7.22.0"
    "@babel/parser" "^7.22.0"
    "@babel/template" "^7.21.9"
    "@babel/traverse" "^7.22.1"
    "@babel/types" "^7.22.0"
    convert-source-map "^1.7.0"
    debug "^4.1.0"
    gensync "^1.0.0-beta.2"
    json5 "^2.2.2"
    semver "^6.3.0"

"@babel/generator@^7.22.0", "@babel/generator@^7.22.3":
  version "7.22.3"
  resolved "https://registry.npmjs.org/@babel/generator/-/generator-7.22.3.tgz"
  integrity sha512-C17MW4wlk//ES/CJDL51kPNwl+qiBQyN7b9SKyVp11BLGFeSPoVaHrv+MNt8jwQFhQWowW88z1eeBx3pFz9v8A==
  dependencies:
    "@babel/types" "^7.22.3"
    "@jridgewell/gen-mapping" "^0.3.2"
    "@jridgewell/trace-mapping" "^0.3.17"
    jsesc "^2.5.1"

"@babel/helper-compilation-targets@^7.22.1":
  version "7.22.1"
  resolved "https://registry.npmjs.org/@babel/helper-compilation-targets/-/helper-compilation-targets-7.22.1.tgz"
  integrity sha512-Rqx13UM3yVB5q0D/KwQ8+SPfX/+Rnsy1Lw1k/UwOC4KC6qrzIQoY3lYnBu5EHKBlEHHcj0M0W8ltPSkD8rqfsQ==
  dependencies:
    "@babel/compat-data" "^7.22.0"
    "@babel/helper-validator-option" "^7.21.0"
    browserslist "^4.21.3"
    lru-cache "^5.1.1"
    semver "^6.3.0"

"@babel/helper-environment-visitor@^7.22.1":
  version "7.22.1"
  resolved "https://registry.npmjs.org/@babel/helper-environment-visitor/-/helper-environment-visitor-7.22.1.tgz"
  integrity sha512-Z2tgopurB/kTbidvzeBrc2To3PUP/9i5MUe+fU6QJCQDyPwSH2oRapkLw3KGECDYSjhQZCNxEvNvZlLw8JjGwA==

"@babel/helper-function-name@^7.21.0":
  version "7.21.0"
  resolved "https://registry.npmjs.org/@babel/helper-function-name/-/helper-function-name-7.21.0.tgz"
  integrity sha512-HfK1aMRanKHpxemaY2gqBmL04iAPOPRj7DxtNbiDOrJK+gdwkiNRVpCpUJYbUT+aZyemKN8brqTOxzCaG6ExRg==
  dependencies:
    "@babel/template" "^7.20.7"
    "@babel/types" "^7.21.0"

"@babel/helper-hoist-variables@^7.18.6":
  version "7.18.6"
  resolved "https://registry.npmjs.org/@babel/helper-hoist-variables/-/helper-hoist-variables-7.18.6.tgz"
  integrity sha512-UlJQPkFqFULIcyW5sbzgbkxn2FKRgwWiRexcuaR8RNJRy8+LLveqPjwZV/bwrLZCN0eUHD/x8D0heK1ozuoo6Q==
  dependencies:
    "@babel/types" "^7.18.6"

"@babel/helper-module-imports@^7.16.7", "@babel/helper-module-imports@^7.21.4":
  version "7.21.4"
  resolved "https://registry.npmjs.org/@babel/helper-module-imports/-/helper-module-imports-7.21.4.tgz"
  integrity sha512-orajc5T2PsRYUN3ZryCEFeMDYwyw09c/pZeaQEZPH0MpKzSvn3e0uXsDBu3k03VI+9DBiRo+l22BfKTpKwa/Wg==
  dependencies:
    "@babel/types" "^7.21.4"

"@babel/helper-module-transforms@^7.22.1":
  version "7.22.1"
  resolved "https://registry.npmjs.org/@babel/helper-module-transforms/-/helper-module-transforms-7.22.1.tgz"
  integrity sha512-dxAe9E7ySDGbQdCVOY/4+UcD8M9ZFqZcZhSPsPacvCG4M+9lwtDDQfI2EoaSvmf7W/8yCBkGU0m7Pvt1ru3UZw==
  dependencies:
    "@babel/helper-environment-visitor" "^7.22.1"
    "@babel/helper-module-imports" "^7.21.4"
    "@babel/helper-simple-access" "^7.21.5"
    "@babel/helper-split-export-declaration" "^7.18.6"
    "@babel/helper-validator-identifier" "^7.19.1"
    "@babel/template" "^7.21.9"
    "@babel/traverse" "^7.22.1"
    "@babel/types" "^7.22.0"

"@babel/helper-plugin-utils@^7.18.6":
  version "7.20.2"

"@babel/helper-simple-access@^7.21.5":
  version "7.21.5"
  resolved "https://registry.npmjs.org/@babel/helper-simple-access/-/helper-simple-access-7.21.5.tgz"
  integrity sha512-ENPDAMC1wAjR0uaCUwliBdiSl1KBJAVnMTzXqi64c2MG8MPR6ii4qf7bSXDqSFbr4W6W028/rf5ivoHop5/mkg==
  dependencies:
    "@babel/types" "^7.21.5"

"@babel/helper-split-export-declaration@^7.18.6":
  version "7.18.6"
  resolved "https://registry.npmjs.org/@babel/helper-split-export-declaration/-/helper-split-export-declaration-7.18.6.tgz"
  integrity sha512-bde1etTx6ZyTmobl9LLMMQsaizFVZrquTEHOqKeQESMKo4PlObf+8+JA25ZsIpZhT/WEd39+vOdLXAFG/nELpA==
  dependencies:
    "@babel/types" "^7.18.6"

"@babel/helper-string-parser@^7.21.5":
  version "7.21.5"
  resolved "https://registry.npmjs.org/@babel/helper-string-parser/-/helper-string-parser-7.21.5.tgz"
  integrity sha512-5pTUx3hAJaZIdW99sJ6ZUUgWq/Y+Hja7TowEnLNMm1VivRgZQL3vpBY3qUACVsvw+yQU6+YgfBVmcbLaZtrA1w==

"@babel/helper-validator-identifier@^7.18.6", "@babel/helper-validator-identifier@^7.19.1":
  version "7.19.1"

"@babel/helper-validator-option@^7.21.0":
  version "7.21.0"
  resolved "https://registry.npmjs.org/@babel/helper-validator-option/-/helper-validator-option-7.21.0.tgz"
  integrity sha512-rmL/B8/f0mKS2baE9ZpyTcTavvEuWhTTW8amjzXNvYG4AwBsqTLikfXsEofsJEfKHf+HQVQbFOHy6o+4cnC/fQ==

"@babel/helpers@^7.22.0":
  version "7.22.3"
  resolved "https://registry.npmjs.org/@babel/helpers/-/helpers-7.22.3.tgz"
  integrity sha512-jBJ7jWblbgr7r6wYZHMdIqKc73ycaTcCaWRq4/2LpuPHcx7xMlZvpGQkOYc9HeSjn6rcx15CPlgVcBtZ4WZJ2w==
  dependencies:
    "@babel/template" "^7.21.9"
    "@babel/traverse" "^7.22.1"
    "@babel/types" "^7.22.3"

"@babel/highlight@^7.18.6":
  version "7.18.6"
  dependencies:
    "@babel/helper-validator-identifier" "^7.18.6"
    chalk "^2.0.0"
    js-tokens "^4.0.0"

"@babel/parser@^7.21.9", "@babel/parser@^7.22.0", "@babel/parser@^7.22.4":
  version "7.22.4"
  resolved "https://registry.npmjs.org/@babel/parser/-/parser-7.22.4.tgz"
  integrity sha512-VLLsx06XkEYqBtE5YGPwfSGwfrjnyPP5oiGty3S8pQLFDFLaS8VwWSIxkTXpcvr5zeYLE6+MBNl2npl/YnfofA==

"@babel/plugin-syntax-jsx@^7.17.12":
  version "7.18.6"
  dependencies:
    "@babel/helper-plugin-utils" "^7.18.6"

"@babel/runtime@^7.0.0", "@babel/runtime@^7.12.13", "@babel/runtime@^7.12.5", "@babel/runtime@^7.18.3":
  version "7.20.7"
  dependencies:
    regenerator-runtime "^0.13.11"

"@babel/template@^7.20.7", "@babel/template@^7.21.9":
  version "7.21.9"
  resolved "https://registry.npmjs.org/@babel/template/-/template-7.21.9.tgz"
  integrity sha512-MK0X5k8NKOuWRamiEfc3KEJiHMTkGZNUjzMipqCGDDc6ijRl/B7RGSKVGncu4Ro/HdyzzY6cmoXuKI2Gffk7vQ==
  dependencies:
    "@babel/code-frame" "^7.21.4"
    "@babel/parser" "^7.21.9"
    "@babel/types" "^7.21.5"

"@babel/traverse@^7.22.1":
  version "7.22.4"
  resolved "https://registry.npmjs.org/@babel/traverse/-/traverse-7.22.4.tgz"
  integrity sha512-Tn1pDsjIcI+JcLKq1AVlZEr4226gpuAQTsLMorsYg9tuS/kG7nuwwJ4AB8jfQuEgb/COBwR/DqJxmoiYFu5/rQ==
  dependencies:
    "@babel/code-frame" "^7.21.4"
    "@babel/generator" "^7.22.3"
    "@babel/helper-environment-visitor" "^7.22.1"
    "@babel/helper-function-name" "^7.21.0"
    "@babel/helper-hoist-variables" "^7.18.6"
    "@babel/helper-split-export-declaration" "^7.18.6"
    "@babel/parser" "^7.22.4"
    "@babel/types" "^7.22.4"
    debug "^4.1.0"
    globals "^11.1.0"

"@babel/types@^7.18.6", "@babel/types@^7.21.0", "@babel/types@^7.21.4", "@babel/types@^7.21.5", "@babel/types@^7.22.0", "@babel/types@^7.22.3", "@babel/types@^7.22.4":
  version "7.22.4"
  resolved "https://registry.npmjs.org/@babel/types/-/types-7.22.4.tgz"
  integrity sha512-Tx9x3UBHTTsMSW85WB2kphxYQVvrZ/t1FxD88IpSgIjiUJlCm9z+xWIDwyo1vffTwSqteqyznB8ZE9vYYk16zA==
  dependencies:
    "@babel/helper-string-parser" "^7.21.5"
    "@babel/helper-validator-identifier" "^7.19.1"
    to-fast-properties "^2.0.0"

"@chakra-ui/accordion@2.1.7":
  version "2.1.7"
  dependencies:
    "@chakra-ui/descendant" "3.0.13"
    "@chakra-ui/icon" "3.0.16"
    "@chakra-ui/react-context" "2.0.7"
    "@chakra-ui/react-use-controllable-state" "2.0.8"
    "@chakra-ui/react-use-merge-refs" "2.0.7"
    "@chakra-ui/shared-utils" "2.0.5"
    "@chakra-ui/transition" "2.0.14"

"@chakra-ui/alert@2.0.16":
  version "2.0.16"
  dependencies:
    "@chakra-ui/icon" "3.0.16"
    "@chakra-ui/react-context" "2.0.7"
    "@chakra-ui/shared-utils" "2.0.5"
    "@chakra-ui/spinner" "2.0.13"

"@chakra-ui/anatomy@2.1.1":
  version "2.1.1"

"@chakra-ui/anatomy@2.1.2":
  version "2.1.2"

"@chakra-ui/avatar@2.2.3":
  version "2.2.3"
  dependencies:
    "@chakra-ui/image" "2.0.14"
    "@chakra-ui/react-children-utils" "2.0.6"
    "@chakra-ui/react-context" "2.0.7"
    "@chakra-ui/shared-utils" "2.0.5"

"@chakra-ui/breadcrumb@2.1.3":
  version "2.1.3"
  dependencies:
    "@chakra-ui/react-children-utils" "2.0.6"
    "@chakra-ui/react-context" "2.0.7"
    "@chakra-ui/shared-utils" "2.0.5"

"@chakra-ui/breakpoint-utils@2.0.7":
  version "2.0.7"
  dependencies:
    "@chakra-ui/shared-utils" "2.0.5"

"@chakra-ui/button@2.0.15":
  version "2.0.15"
  dependencies:
    "@chakra-ui/react-context" "2.0.7"
    "@chakra-ui/react-use-merge-refs" "2.0.7"
    "@chakra-ui/shared-utils" "2.0.5"
    "@chakra-ui/spinner" "2.0.13"

"@chakra-ui/card@2.1.5":
  version "2.1.5"
  dependencies:
    "@chakra-ui/shared-utils" "2.0.5"

"@chakra-ui/checkbox@2.2.9":
  version "2.2.9"
  dependencies:
    "@chakra-ui/form-control" "2.0.16"
    "@chakra-ui/react-context" "2.0.7"
    "@chakra-ui/react-types" "2.0.7"
    "@chakra-ui/react-use-callback-ref" "2.0.7"
    "@chakra-ui/react-use-controllable-state" "2.0.8"
    "@chakra-ui/react-use-merge-refs" "2.0.7"
    "@chakra-ui/react-use-safe-layout-effect" "2.0.5"
    "@chakra-ui/react-use-update-effect" "2.0.7"
    "@chakra-ui/shared-utils" "2.0.5"
    "@chakra-ui/visually-hidden" "2.0.15"
    "@zag-js/focus-visible" "0.2.1"

"@chakra-ui/clickable@2.0.13":
  version "2.0.13"
  dependencies:
    "@chakra-ui/react-use-merge-refs" "2.0.7"
    "@chakra-ui/shared-utils" "2.0.5"

"@chakra-ui/close-button@2.0.16":
  version "2.0.16"
  dependencies:
    "@chakra-ui/icon" "3.0.16"

"@chakra-ui/color-mode@2.1.11":
  version "2.1.11"
  dependencies:
    "@chakra-ui/react-use-safe-layout-effect" "2.0.4"

"@chakra-ui/color-mode@2.1.12":
  version "2.1.12"
  dependencies:
    "@chakra-ui/react-use-safe-layout-effect" "2.0.5"

"@chakra-ui/control-box@2.0.13":
  version "2.0.13"

"@chakra-ui/counter@2.0.13":
  version "2.0.13"
  dependencies:
    "@chakra-ui/number-utils" "2.0.7"
    "@chakra-ui/react-use-callback-ref" "2.0.7"
    "@chakra-ui/shared-utils" "2.0.5"

"@chakra-ui/css-reset@2.0.12":
  version "2.0.12"

"@chakra-ui/descendant@3.0.13":
  version "3.0.13"
  dependencies:
    "@chakra-ui/react-context" "2.0.7"
    "@chakra-ui/react-use-merge-refs" "2.0.7"

"@chakra-ui/dom-utils@2.0.6":
  version "2.0.6"

"@chakra-ui/editable@2.0.18":
  version "2.0.18"
  dependencies:
    "@chakra-ui/react-context" "2.0.7"
    "@chakra-ui/react-types" "2.0.7"
    "@chakra-ui/react-use-callback-ref" "2.0.7"
    "@chakra-ui/react-use-controllable-state" "2.0.8"
    "@chakra-ui/react-use-focus-on-pointer-down" "2.0.6"
    "@chakra-ui/react-use-merge-refs" "2.0.7"
    "@chakra-ui/react-use-safe-layout-effect" "2.0.5"
    "@chakra-ui/react-use-update-effect" "2.0.7"
    "@chakra-ui/shared-utils" "2.0.5"

"@chakra-ui/event-utils@2.0.8":
  version "2.0.8"

"@chakra-ui/focus-lock@2.0.15":
  version "2.0.15"
  dependencies:
    "@chakra-ui/dom-utils" "2.0.6"
    react-focus-lock "^2.9.2"

"@chakra-ui/form-control@2.0.16":
  version "2.0.16"
  dependencies:
    "@chakra-ui/icon" "3.0.16"
    "@chakra-ui/react-context" "2.0.7"
    "@chakra-ui/react-types" "2.0.7"
    "@chakra-ui/react-use-merge-refs" "2.0.7"
    "@chakra-ui/shared-utils" "2.0.5"

"@chakra-ui/hooks@2.1.5":
  version "2.1.5"
  dependencies:
    "@chakra-ui/react-utils" "2.0.12"
    "@chakra-ui/utils" "2.0.15"
    compute-scroll-into-view "1.0.14"
    copy-to-clipboard "3.3.1"

"@chakra-ui/icon@3.0.15":
  version "3.0.15"
  dependencies:
    "@chakra-ui/shared-utils" "2.0.4"

"@chakra-ui/icon@3.0.16":
  version "3.0.16"
  dependencies:
    "@chakra-ui/shared-utils" "2.0.5"

"@chakra-ui/icons@^2.0.16":
  version "2.0.16"
  dependencies:
    "@chakra-ui/icon" "3.0.15"

"@chakra-ui/image@2.0.14":
  version "2.0.14"
  dependencies:
    "@chakra-ui/react-use-safe-layout-effect" "2.0.5"
    "@chakra-ui/shared-utils" "2.0.5"

"@chakra-ui/input@2.0.18":
  version "2.0.18"
  dependencies:
    "@chakra-ui/form-control" "2.0.16"
    "@chakra-ui/object-utils" "2.0.8"
    "@chakra-ui/react-children-utils" "2.0.6"
    "@chakra-ui/react-context" "2.0.7"
    "@chakra-ui/shared-utils" "2.0.5"

"@chakra-ui/layout@2.1.14":
  version "2.1.14"
  dependencies:
    "@chakra-ui/breakpoint-utils" "2.0.7"
    "@chakra-ui/icon" "3.0.16"
    "@chakra-ui/object-utils" "2.0.8"
    "@chakra-ui/react-children-utils" "2.0.6"
    "@chakra-ui/react-context" "2.0.7"
    "@chakra-ui/shared-utils" "2.0.5"

"@chakra-ui/lazy-utils@2.0.5":
  version "2.0.5"

"@chakra-ui/live-region@2.0.13":
  version "2.0.13"

"@chakra-ui/media-query@3.2.10":
  version "3.2.10"
  dependencies:
    "@chakra-ui/breakpoint-utils" "2.0.7"
    "@chakra-ui/react-env" "2.0.13"
    "@chakra-ui/shared-utils" "2.0.5"

"@chakra-ui/menu@2.1.7":
  version "2.1.7"
  dependencies:
    "@chakra-ui/clickable" "2.0.13"
    "@chakra-ui/descendant" "3.0.13"
    "@chakra-ui/lazy-utils" "2.0.5"
    "@chakra-ui/popper" "3.0.12"
    "@chakra-ui/react-children-utils" "2.0.6"
    "@chakra-ui/react-context" "2.0.7"
    "@chakra-ui/react-use-animation-state" "2.0.8"
    "@chakra-ui/react-use-controllable-state" "2.0.8"
    "@chakra-ui/react-use-disclosure" "2.0.8"
    "@chakra-ui/react-use-focus-effect" "2.0.9"
    "@chakra-ui/react-use-merge-refs" "2.0.7"
    "@chakra-ui/react-use-outside-click" "2.0.7"
    "@chakra-ui/react-use-update-effect" "2.0.7"
    "@chakra-ui/shared-utils" "2.0.5"
    "@chakra-ui/transition" "2.0.14"

"@chakra-ui/modal@2.2.8":
  version "2.2.8"
  dependencies:
    "@chakra-ui/close-button" "2.0.16"
    "@chakra-ui/focus-lock" "2.0.15"
    "@chakra-ui/portal" "2.0.14"
    "@chakra-ui/react-context" "2.0.7"
    "@chakra-ui/react-types" "2.0.7"
    "@chakra-ui/react-use-merge-refs" "2.0.7"
    "@chakra-ui/shared-utils" "2.0.5"
    "@chakra-ui/transition" "2.0.14"
    aria-hidden "^1.2.2"
    react-remove-scroll "^2.5.5"

"@chakra-ui/number-input@2.0.17":
  version "2.0.17"
  dependencies:
    "@chakra-ui/counter" "2.0.13"
    "@chakra-ui/form-control" "2.0.16"
    "@chakra-ui/icon" "3.0.16"
    "@chakra-ui/react-context" "2.0.7"
    "@chakra-ui/react-types" "2.0.7"
    "@chakra-ui/react-use-callback-ref" "2.0.7"
    "@chakra-ui/react-use-event-listener" "2.0.7"
    "@chakra-ui/react-use-interval" "2.0.5"
    "@chakra-ui/react-use-merge-refs" "2.0.7"
    "@chakra-ui/react-use-safe-layout-effect" "2.0.5"
    "@chakra-ui/react-use-update-effect" "2.0.7"
    "@chakra-ui/shared-utils" "2.0.5"

"@chakra-ui/number-utils@2.0.7":
  version "2.0.7"

"@chakra-ui/object-utils@2.0.7":
  version "2.0.7"

"@chakra-ui/object-utils@2.0.8":
  version "2.0.8"

"@chakra-ui/pin-input@2.0.18":
  version "2.0.18"
  dependencies:
    "@chakra-ui/descendant" "3.0.13"
    "@chakra-ui/react-children-utils" "2.0.6"
    "@chakra-ui/react-context" "2.0.7"
    "@chakra-ui/react-use-controllable-state" "2.0.8"
    "@chakra-ui/react-use-merge-refs" "2.0.7"
    "@chakra-ui/shared-utils" "2.0.5"

"@chakra-ui/popover@2.1.7":
  version "2.1.7"
  dependencies:
    "@chakra-ui/close-button" "2.0.16"
    "@chakra-ui/lazy-utils" "2.0.5"
    "@chakra-ui/popper" "3.0.12"
    "@chakra-ui/react-context" "2.0.7"
    "@chakra-ui/react-types" "2.0.7"
    "@chakra-ui/react-use-animation-state" "2.0.8"
    "@chakra-ui/react-use-disclosure" "2.0.8"
    "@chakra-ui/react-use-focus-effect" "2.0.9"
    "@chakra-ui/react-use-focus-on-pointer-down" "2.0.6"
    "@chakra-ui/react-use-merge-refs" "2.0.7"
    "@chakra-ui/shared-utils" "2.0.5"

"@chakra-ui/popper@3.0.12":
  version "3.0.12"
  dependencies:
    "@chakra-ui/react-types" "2.0.7"
    "@chakra-ui/react-use-merge-refs" "2.0.7"
    "@popperjs/core" "^2.9.3"

"@chakra-ui/portal@2.0.14":
  version "2.0.14"
  dependencies:
    "@chakra-ui/react-context" "2.0.7"
    "@chakra-ui/react-use-safe-layout-effect" "2.0.5"

"@chakra-ui/progress@2.1.4":
  version "2.1.4"
  dependencies:
    "@chakra-ui/react-context" "2.0.7"

"@chakra-ui/provider@2.0.30":
  version "2.0.30"
  dependencies:
    "@chakra-ui/css-reset" "2.0.12"
    "@chakra-ui/portal" "2.0.14"
    "@chakra-ui/react-env" "2.0.13"
    "@chakra-ui/system" "2.4.0"
    "@chakra-ui/utils" "2.0.15"

"@chakra-ui/radio@2.0.18":
  version "2.0.18"
  dependencies:
    "@chakra-ui/form-control" "2.0.16"
    "@chakra-ui/react-context" "2.0.7"
    "@chakra-ui/react-types" "2.0.7"
    "@chakra-ui/react-use-merge-refs" "2.0.7"
    "@chakra-ui/shared-utils" "2.0.5"
    "@zag-js/focus-visible" "0.2.1"

"@chakra-ui/react-children-utils@2.0.6":
  version "2.0.6"

"@chakra-ui/react-context@2.0.7":
  version "2.0.7"

"@chakra-ui/react-env@2.0.13":
  version "2.0.13"

"@chakra-ui/react-types@2.0.7":
  version "2.0.7"

"@chakra-ui/react-use-animation-state@2.0.8":
  version "2.0.8"
  dependencies:
    "@chakra-ui/dom-utils" "2.0.6"
    "@chakra-ui/react-use-event-listener" "2.0.7"

"@chakra-ui/react-use-callback-ref@2.0.7":
  version "2.0.7"

"@chakra-ui/react-use-controllable-state@2.0.8":
  version "2.0.8"
  dependencies:
    "@chakra-ui/react-use-callback-ref" "2.0.7"

"@chakra-ui/react-use-disclosure@2.0.8":
  version "2.0.8"
  dependencies:
    "@chakra-ui/react-use-callback-ref" "2.0.7"

"@chakra-ui/react-use-event-listener@2.0.7":
  version "2.0.7"
  dependencies:
    "@chakra-ui/react-use-callback-ref" "2.0.7"

"@chakra-ui/react-use-focus-effect@2.0.9":
  version "2.0.9"
  dependencies:
    "@chakra-ui/dom-utils" "2.0.6"
    "@chakra-ui/react-use-event-listener" "2.0.7"
    "@chakra-ui/react-use-safe-layout-effect" "2.0.5"
    "@chakra-ui/react-use-update-effect" "2.0.7"

"@chakra-ui/react-use-focus-on-pointer-down@2.0.6":
  version "2.0.6"
  dependencies:
    "@chakra-ui/react-use-event-listener" "2.0.7"

"@chakra-ui/react-use-interval@2.0.5":
  version "2.0.5"
  dependencies:
    "@chakra-ui/react-use-callback-ref" "2.0.7"

"@chakra-ui/react-use-latest-ref@2.0.5":
  version "2.0.5"

"@chakra-ui/react-use-merge-refs@2.0.7":
  version "2.0.7"

"@chakra-ui/react-use-outside-click@2.0.7":
  version "2.0.7"
  dependencies:
    "@chakra-ui/react-use-callback-ref" "2.0.7"

"@chakra-ui/react-use-pan-event@2.0.9":
  version "2.0.9"
  dependencies:
    "@chakra-ui/event-utils" "2.0.8"
    "@chakra-ui/react-use-latest-ref" "2.0.5"
    framesync "6.1.2"

"@chakra-ui/react-use-previous@2.0.5":
  version "2.0.5"

"@chakra-ui/react-use-safe-layout-effect@2.0.4":
  version "2.0.4"

"@chakra-ui/react-use-safe-layout-effect@2.0.5":
  version "2.0.5"

"@chakra-ui/react-use-size@2.0.8":
  version "2.0.8"
  dependencies:
    "@zag-js/element-size" "0.3.0"

"@chakra-ui/react-use-timeout@2.0.5":
  version "2.0.5"
  dependencies:
    "@chakra-ui/react-use-callback-ref" "2.0.7"

"@chakra-ui/react-use-update-effect@2.0.7":
  version "2.0.7"

"@chakra-ui/react-utils@2.0.11":
  version "2.0.11"
  dependencies:
    "@chakra-ui/utils" "2.0.14"

"@chakra-ui/react-utils@2.0.12":
  version "2.0.12"
  dependencies:
    "@chakra-ui/utils" "2.0.15"

"@chakra-ui/react@^2.4.8":
  version "2.4.8"
  dependencies:
    "@chakra-ui/accordion" "2.1.7"
    "@chakra-ui/alert" "2.0.16"
    "@chakra-ui/avatar" "2.2.3"
    "@chakra-ui/breadcrumb" "2.1.3"
    "@chakra-ui/button" "2.0.15"
    "@chakra-ui/card" "2.1.5"
    "@chakra-ui/checkbox" "2.2.9"
    "@chakra-ui/close-button" "2.0.16"
    "@chakra-ui/control-box" "2.0.13"
    "@chakra-ui/counter" "2.0.13"
    "@chakra-ui/css-reset" "2.0.12"
    "@chakra-ui/editable" "2.0.18"
    "@chakra-ui/form-control" "2.0.16"
    "@chakra-ui/hooks" "2.1.5"
    "@chakra-ui/icon" "3.0.16"
    "@chakra-ui/image" "2.0.14"
    "@chakra-ui/input" "2.0.18"
    "@chakra-ui/layout" "2.1.14"
    "@chakra-ui/live-region" "2.0.13"
    "@chakra-ui/media-query" "3.2.10"
    "@chakra-ui/menu" "2.1.7"
    "@chakra-ui/modal" "2.2.8"
    "@chakra-ui/number-input" "2.0.17"
    "@chakra-ui/pin-input" "2.0.18"
    "@chakra-ui/popover" "2.1.7"
    "@chakra-ui/popper" "3.0.12"
    "@chakra-ui/portal" "2.0.14"
    "@chakra-ui/progress" "2.1.4"
    "@chakra-ui/provider" "2.0.30"
    "@chakra-ui/radio" "2.0.18"
    "@chakra-ui/react-env" "2.0.13"
    "@chakra-ui/select" "2.0.17"
    "@chakra-ui/skeleton" "2.0.22"
    "@chakra-ui/slider" "2.0.19"
    "@chakra-ui/spinner" "2.0.13"
    "@chakra-ui/stat" "2.0.16"
    "@chakra-ui/styled-system" "2.5.2"
    "@chakra-ui/switch" "2.0.21"
    "@chakra-ui/system" "2.4.0"
    "@chakra-ui/table" "2.0.15"
    "@chakra-ui/tabs" "2.1.7"
    "@chakra-ui/tag" "2.0.16"
    "@chakra-ui/textarea" "2.0.17"
    "@chakra-ui/theme" "2.2.5"
    "@chakra-ui/theme-utils" "2.0.9"
    "@chakra-ui/toast" "5.0.0"
    "@chakra-ui/tooltip" "2.2.5"
    "@chakra-ui/transition" "2.0.14"
    "@chakra-ui/utils" "2.0.15"
    "@chakra-ui/visually-hidden" "2.0.15"

"@chakra-ui/select@2.0.17":
  version "2.0.17"
  dependencies:
    "@chakra-ui/form-control" "2.0.16"
    "@chakra-ui/shared-utils" "2.0.5"

"@chakra-ui/shared-utils@2.0.4":
  version "2.0.4"

"@chakra-ui/shared-utils@2.0.5":
  version "2.0.5"

"@chakra-ui/skeleton@2.0.22":
  version "2.0.22"
  dependencies:
    "@chakra-ui/media-query" "3.2.10"
    "@chakra-ui/react-use-previous" "2.0.5"
    "@chakra-ui/shared-utils" "2.0.5"

"@chakra-ui/slider@2.0.19":
  version "2.0.19"
  dependencies:
    "@chakra-ui/number-utils" "2.0.7"
    "@chakra-ui/react-context" "2.0.7"
    "@chakra-ui/react-types" "2.0.7"
    "@chakra-ui/react-use-callback-ref" "2.0.7"
    "@chakra-ui/react-use-controllable-state" "2.0.8"
    "@chakra-ui/react-use-latest-ref" "2.0.5"
    "@chakra-ui/react-use-merge-refs" "2.0.7"
    "@chakra-ui/react-use-pan-event" "2.0.9"
    "@chakra-ui/react-use-size" "2.0.8"
    "@chakra-ui/react-use-update-effect" "2.0.7"

"@chakra-ui/spinner@2.0.13":
  version "2.0.13"
  dependencies:
    "@chakra-ui/shared-utils" "2.0.5"

"@chakra-ui/stat@2.0.16":
  version "2.0.16"
  dependencies:
    "@chakra-ui/icon" "3.0.16"
    "@chakra-ui/react-context" "2.0.7"
    "@chakra-ui/shared-utils" "2.0.5"

"@chakra-ui/styled-system@>=2.0.0", "@chakra-ui/styled-system@2.5.2":
  version "2.5.2"
  dependencies:
    "@chakra-ui/shared-utils" "2.0.5"
    csstype "^3.0.11"
    lodash.mergewith "4.6.2"

"@chakra-ui/styled-system@2.5.1":
  version "2.5.1"
  dependencies:
    "@chakra-ui/shared-utils" "2.0.4"
    csstype "^3.0.11"
    lodash.mergewith "4.6.2"

"@chakra-ui/switch@2.0.21":
  version "2.0.21"
  dependencies:
    "@chakra-ui/checkbox" "2.2.9"
    "@chakra-ui/shared-utils" "2.0.5"

"@chakra-ui/system@^2.3.8", "@chakra-ui/system@>=2.0.0":
  version "2.3.8"
  dependencies:
    "@chakra-ui/color-mode" "2.1.11"
    "@chakra-ui/object-utils" "2.0.7"
    "@chakra-ui/react-utils" "2.0.11"
    "@chakra-ui/styled-system" "2.5.1"
    "@chakra-ui/theme-utils" "2.0.8"
    "@chakra-ui/utils" "2.0.14"
    react-fast-compare "3.2.0"

"@chakra-ui/system@2.4.0":
  version "2.4.0"
  dependencies:
    "@chakra-ui/color-mode" "2.1.12"
    "@chakra-ui/object-utils" "2.0.8"
    "@chakra-ui/react-utils" "2.0.12"
    "@chakra-ui/styled-system" "2.5.2"
    "@chakra-ui/theme-utils" "2.0.9"
    "@chakra-ui/utils" "2.0.15"
    react-fast-compare "3.2.0"

"@chakra-ui/table@2.0.15":
  version "2.0.15"
  dependencies:
    "@chakra-ui/react-context" "2.0.7"
    "@chakra-ui/shared-utils" "2.0.5"

"@chakra-ui/tabs@2.1.7":
  version "2.1.7"
  dependencies:
    "@chakra-ui/clickable" "2.0.13"
    "@chakra-ui/descendant" "3.0.13"
    "@chakra-ui/lazy-utils" "2.0.5"
    "@chakra-ui/react-children-utils" "2.0.6"
    "@chakra-ui/react-context" "2.0.7"
    "@chakra-ui/react-use-controllable-state" "2.0.8"
    "@chakra-ui/react-use-merge-refs" "2.0.7"
    "@chakra-ui/react-use-safe-layout-effect" "2.0.5"
    "@chakra-ui/shared-utils" "2.0.5"

"@chakra-ui/tag@2.0.16":
  version "2.0.16"
  dependencies:
    "@chakra-ui/icon" "3.0.16"
    "@chakra-ui/react-context" "2.0.7"

"@chakra-ui/textarea@2.0.17":
  version "2.0.17"
  dependencies:
    "@chakra-ui/form-control" "2.0.16"
    "@chakra-ui/shared-utils" "2.0.5"

"@chakra-ui/theme-tools@2.0.16":
  version "2.0.16"
  dependencies:
    "@chakra-ui/anatomy" "2.1.1"
    "@chakra-ui/shared-utils" "2.0.4"
    color2k "^2.0.0"

"@chakra-ui/theme-tools@2.0.17":
  version "2.0.17"
  dependencies:
    "@chakra-ui/anatomy" "2.1.2"
    "@chakra-ui/shared-utils" "2.0.5"
    color2k "^2.0.0"

"@chakra-ui/theme-utils@2.0.8":
  version "2.0.8"
  dependencies:
    "@chakra-ui/shared-utils" "2.0.4"
    "@chakra-ui/styled-system" "2.5.1"
    "@chakra-ui/theme" "2.2.4"
    lodash.mergewith "4.6.2"

"@chakra-ui/theme-utils@2.0.9":
  version "2.0.9"
  dependencies:
    "@chakra-ui/shared-utils" "2.0.5"
    "@chakra-ui/styled-system" "2.5.2"
    "@chakra-ui/theme" "2.2.5"
    lodash.mergewith "4.6.2"

"@chakra-ui/theme@2.2.4":
  version "2.2.4"
  dependencies:
    "@chakra-ui/anatomy" "2.1.1"
    "@chakra-ui/shared-utils" "2.0.4"
    "@chakra-ui/theme-tools" "2.0.16"

"@chakra-ui/theme@2.2.5":
  version "2.2.5"
  dependencies:
    "@chakra-ui/anatomy" "2.1.2"
    "@chakra-ui/shared-utils" "2.0.5"
    "@chakra-ui/theme-tools" "2.0.17"

"@chakra-ui/toast@5.0.0":
  version "5.0.0"
  dependencies:
    "@chakra-ui/alert" "2.0.16"
    "@chakra-ui/close-button" "2.0.16"
    "@chakra-ui/portal" "2.0.14"
    "@chakra-ui/react-context" "2.0.7"
    "@chakra-ui/react-use-timeout" "2.0.5"
    "@chakra-ui/react-use-update-effect" "2.0.7"
    "@chakra-ui/shared-utils" "2.0.5"
    "@chakra-ui/styled-system" "2.5.2"
    "@chakra-ui/theme" "2.2.5"

"@chakra-ui/tooltip@2.2.5":
  version "2.2.5"
  dependencies:
    "@chakra-ui/popper" "3.0.12"
    "@chakra-ui/portal" "2.0.14"
    "@chakra-ui/react-types" "2.0.7"
    "@chakra-ui/react-use-disclosure" "2.0.8"
    "@chakra-ui/react-use-event-listener" "2.0.7"
    "@chakra-ui/react-use-merge-refs" "2.0.7"
    "@chakra-ui/shared-utils" "2.0.5"

"@chakra-ui/transition@2.0.14":
  version "2.0.14"
  dependencies:
    "@chakra-ui/shared-utils" "2.0.5"

"@chakra-ui/utils@2.0.14":
  version "2.0.14"
  dependencies:
    "@types/lodash.mergewith" "4.6.6"
    css-box-model "1.2.1"
    framesync "6.1.2"
    lodash.mergewith "4.6.2"

"@chakra-ui/utils@2.0.15":
  version "2.0.15"
  dependencies:
    "@types/lodash.mergewith" "4.6.7"
    css-box-model "1.2.1"
    framesync "6.1.2"
    lodash.mergewith "4.6.2"

"@chakra-ui/visually-hidden@2.0.15":
  version "2.0.15"

"@emotion/babel-plugin@^11.10.5":
  version "11.10.5"
  dependencies:
    "@babel/helper-module-imports" "^7.16.7"
    "@babel/plugin-syntax-jsx" "^7.17.12"
    "@babel/runtime" "^7.18.3"
    "@emotion/hash" "^0.9.0"
    "@emotion/memoize" "^0.8.0"
    "@emotion/serialize" "^1.1.1"
    babel-plugin-macros "^3.1.0"
    convert-source-map "^1.5.0"
    escape-string-regexp "^4.0.0"
    find-root "^1.1.0"
    source-map "^0.5.7"
    stylis "4.1.3"

"@emotion/cache@^11.10.5":
  version "11.10.5"
  dependencies:
    "@emotion/memoize" "^0.8.0"
    "@emotion/sheet" "^1.2.1"
    "@emotion/utils" "^1.2.0"
    "@emotion/weak-memoize" "^0.3.0"
    stylis "4.1.3"

"@emotion/hash@^0.9.0":
  version "0.9.0"

"@emotion/is-prop-valid@^0.8.2":
  version "0.8.8"
  dependencies:
    "@emotion/memoize" "0.7.4"

"@emotion/is-prop-valid@^1.2.0":
  version "1.2.0"
  dependencies:
    "@emotion/memoize" "^0.8.0"

"@emotion/memoize@^0.8.0":
  version "0.8.0"

"@emotion/memoize@0.7.4":
  version "0.7.4"

"@emotion/react@^11", "@emotion/react@^11.0.0", "@emotion/react@^11.0.0-rc.0", "@emotion/react@>=10.0.35":
  version "11.10.5"
  dependencies:
    "@babel/runtime" "^7.18.3"
    "@emotion/babel-plugin" "^11.10.5"
    "@emotion/cache" "^11.10.5"
    "@emotion/serialize" "^1.1.1"
    "@emotion/use-insertion-effect-with-fallbacks" "^1.0.0"
    "@emotion/utils" "^1.2.0"
    "@emotion/weak-memoize" "^0.3.0"
    hoist-non-react-statics "^3.3.1"

"@emotion/serialize@^1.1.1":
  version "1.1.1"
  dependencies:
    "@emotion/hash" "^0.9.0"
    "@emotion/memoize" "^0.8.0"
    "@emotion/unitless" "^0.8.0"
    "@emotion/utils" "^1.2.0"
    csstype "^3.0.2"

"@emotion/sheet@^1.2.1":
  version "1.2.1"

"@emotion/styled@^11", "@emotion/styled@^11.0.0":
  version "11.10.5"
  dependencies:
    "@babel/runtime" "^7.18.3"
    "@emotion/babel-plugin" "^11.10.5"
    "@emotion/is-prop-valid" "^1.2.0"
    "@emotion/serialize" "^1.1.1"
    "@emotion/use-insertion-effect-with-fallbacks" "^1.0.0"
    "@emotion/utils" "^1.2.0"

"@emotion/unitless@^0.8.0":
  version "0.8.0"

"@emotion/use-insertion-effect-with-fallbacks@^1.0.0":
  version "1.0.0"

"@emotion/utils@^1.2.0":
  version "1.2.0"

"@emotion/weak-memoize@^0.3.0":
  version "0.3.0"

"@esbuild/linux-x64@0.16.17":
  version "0.16.17"

"@jridgewell/gen-mapping@^0.3.0", "@jridgewell/gen-mapping@^0.3.2":
  version "0.3.3"
  resolved "https://registry.npmjs.org/@jridgewell/gen-mapping/-/gen-mapping-0.3.3.tgz"
  integrity sha512-HLhSWOLRi875zjjMG/r+Nv0oCW8umGb0BgEhyX3dDX3egwZtB8PqLnjz3yedt8R5StBrzcg4aBpnh8UA9D1BoQ==
  dependencies:
    "@jridgewell/set-array" "^1.0.1"
    "@jridgewell/sourcemap-codec" "^1.4.10"
    "@jridgewell/trace-mapping" "^0.3.9"

"@jridgewell/resolve-uri@3.1.0":
  version "3.1.0"
  resolved "https://registry.npmjs.org/@jridgewell/resolve-uri/-/resolve-uri-3.1.0.tgz"
  integrity sha512-F2msla3tad+Mfht5cJq7LSXcdudKTWCVYUgw6pLFOOHSTtZlj6SWNYAp+AhuqLmWdBO2X5hPrLcu8cVP8fy28w==

"@jridgewell/set-array@^1.0.1":
  version "1.1.2"
  resolved "https://registry.npmjs.org/@jridgewell/set-array/-/set-array-1.1.2.tgz"
  integrity sha512-xnkseuNADM0gt2bs+BvhO0p78Mk762YnZdsuzFV018NoG1Sj1SCQvpSqa7XUaTam5vAGasABV9qXASMKnFMwMw==

"@jridgewell/sourcemap-codec@^1.4.10":
  version "1.4.15"
  resolved "https://registry.npmjs.org/@jridgewell/sourcemap-codec/-/sourcemap-codec-1.4.15.tgz"
  integrity sha512-eF2rxCRulEKXHTRiDrDy6erMYWqNw4LPdQ8UQA4huuxaQsVeRPFl2oM8oDGxMFhJUWZf9McpLtJasDDZb/Bpeg==

"@jridgewell/sourcemap-codec@1.4.14":
  version "1.4.14"
  resolved "https://registry.npmjs.org/@jridgewell/sourcemap-codec/-/sourcemap-codec-1.4.14.tgz"
  integrity sha512-XPSJHWmi394fuUuzDnGz1wiKqWfo1yXecHQMRf2l6hztTO+nPru658AyDngaBe7isIxEkRsPR3FZh+s7iVa4Uw==

"@jridgewell/trace-mapping@^0.3.17", "@jridgewell/trace-mapping@^0.3.9":
  version "0.3.18"
  resolved "https://registry.npmjs.org/@jridgewell/trace-mapping/-/trace-mapping-0.3.18.tgz"
  integrity sha512-w+niJYzMHdd7USdiH2U6869nqhD2nbfZXND5Yp93qIbEmnDNk7PD48o+YchRVpzMU7M6jVCbenTR7PA1FLQ9pA==
  dependencies:
    "@jridgewell/resolve-uri" "3.1.0"
    "@jridgewell/sourcemap-codec" "1.4.14"

"@motionone/animation@^10.12.0":
  version "10.15.1"
  dependencies:
    "@motionone/easing" "^10.15.1"
    "@motionone/types" "^10.15.1"
    "@motionone/utils" "^10.15.1"
    tslib "^2.3.1"

"@motionone/dom@10.12.0":
  version "10.12.0"
  dependencies:
    "@motionone/animation" "^10.12.0"
    "@motionone/generators" "^10.12.0"
    "@motionone/types" "^10.12.0"
    "@motionone/utils" "^10.12.0"
    hey-listen "^1.0.8"
    tslib "^2.3.1"

"@motionone/easing@^10.15.1":
  version "10.15.1"
  dependencies:
    "@motionone/utils" "^10.15.1"
    tslib "^2.3.1"

"@motionone/generators@^10.12.0":
  version "10.15.1"
  dependencies:
    "@motionone/types" "^10.15.1"
    "@motionone/utils" "^10.15.1"
    tslib "^2.3.1"

"@motionone/types@^10.12.0", "@motionone/types@^10.15.1":
  version "10.15.1"

"@motionone/utils@^10.12.0", "@motionone/utils@^10.15.1":
  version "10.15.1"
  dependencies:
    "@motionone/types" "^10.15.1"
    hey-listen "^1.0.8"
    tslib "^2.3.1"

"@popperjs/core@^2.9.3":
  version "2.11.6"

"@remix-run/router@1.2.1":
  version "1.2.1"

"@swc/core-linux-x64-gnu@1.3.26":
  version "1.3.26"

"@swc/core@^1.3.22":
  version "1.3.26"
  optionalDependencies:
    "@swc/core-darwin-arm64" "1.3.26"
    "@swc/core-darwin-x64" "1.3.26"
    "@swc/core-linux-arm-gnueabihf" "1.3.26"
    "@swc/core-linux-arm64-gnu" "1.3.26"
    "@swc/core-linux-arm64-musl" "1.3.26"
    "@swc/core-linux-x64-gnu" "1.3.26"
    "@swc/core-linux-x64-musl" "1.3.26"
    "@swc/core-win32-arm64-msvc" "1.3.26"
    "@swc/core-win32-ia32-msvc" "1.3.26"
    "@swc/core-win32-x64-msvc" "1.3.26"

"@types/lodash.mergewith@4.6.6":
  version "4.6.6"
  dependencies:
    "@types/lodash" "*"

"@types/lodash.mergewith@4.6.7":
  version "4.6.7"
  dependencies:
    "@types/lodash" "*"

"@types/lodash@*":
  version "4.14.191"

"@types/node@^18.11.18", "@types/node@>= 14":
  version "18.11.18"

"@types/parse-json@^4.0.0":
  version "4.0.0"

"@types/prop-types@*":
  version "15.7.5"

"@types/react-dom@^18.0.9":
  version "18.0.10"
  dependencies:
    "@types/react" "*"

"@types/react@*", "@types/react@^16.8.0 || ^17.0.0 || ^18.0.0", "@types/react@^16.9.0 || ^17.0.0 || ^18.0.0", "@types/react@^18.0.26":
  version "18.0.26"
  dependencies:
    "@types/prop-types" "*"
    "@types/scheduler" "*"
    csstype "^3.0.2"

"@types/scheduler@*":
  version "0.16.2"

"@vitejs/plugin-react-swc@^3.0.0":
  version "3.0.1"
  dependencies:
    "@swc/core" "^1.3.22"

"@zag-js/element-size@0.3.0":
  version "0.3.0"

"@zag-js/focus-visible@0.2.1":
  version "0.2.1"

ansi-styles@^3.2.1:
  version "3.2.1"
  dependencies:
    color-convert "^1.9.0"

aria-hidden@^1.2.2:
  version "1.2.2"
  dependencies:
    tslib "^2.0.0"

babel-plugin-macros@^3.1.0:
  version "3.1.0"
  dependencies:
    "@babel/runtime" "^7.12.5"
    cosmiconfig "^7.0.0"
    resolve "^1.19.0"

browserslist@^4.21.3, "browserslist@>= 4.21.0":
  version "4.21.7"
  resolved "https://registry.npmjs.org/browserslist/-/browserslist-4.21.7.tgz"
  integrity sha512-BauCXrQ7I2ftSqd2mvKHGo85XR0u7Ru3C/Hxsy/0TkfCtjrmAbPdzLGasmoiBxplpDXlPvdjX9u7srIMfgasNA==
  dependencies:
    caniuse-lite "^1.0.30001489"
    electron-to-chromium "^1.4.411"
    node-releases "^2.0.12"
    update-browserslist-db "^1.0.11"

callsites@^3.0.0:
  version "3.1.0"

caniuse-lite@^1.0.30001489:
  version "1.0.30001492"
  resolved "https://registry.npmjs.org/caniuse-lite/-/caniuse-lite-1.0.30001492.tgz"
  integrity sha512-2efF8SAZwgAX1FJr87KWhvuJxnGJKOnctQa8xLOskAXNXq8oiuqgl6u1kk3fFpsp3GgvzlRjiK1sl63hNtFADw==

chalk@^2.0.0:
  version "2.4.2"
  dependencies:
    ansi-styles "^3.2.1"
    escape-string-regexp "^1.0.5"
    supports-color "^5.3.0"

color-convert@^1.9.0:
  version "1.9.3"
  dependencies:
    color-name "1.1.3"

color-name@1.1.3:
  version "1.1.3"

color2k@^2.0.0:
  version "2.0.1"

compute-scroll-into-view@1.0.14:
  version "1.0.14"

convert-source-map@^1.5.0, convert-source-map@^1.7.0:
  version "1.9.0"

copy-to-clipboard@3.3.1:
  version "3.3.1"
  dependencies:
    toggle-selection "^1.0.6"

cosmiconfig@^7.0.0:
  version "7.1.0"
  dependencies:
    "@types/parse-json" "^4.0.0"
    import-fresh "^3.2.1"
    parse-json "^5.0.0"
    path-type "^4.0.0"
    yaml "^1.10.0"

css-box-model@1.2.1:
  version "1.2.1"
  dependencies:
    tiny-invariant "^1.0.6"

csstype@^3.0.11, csstype@^3.0.2:
  version "3.1.1"

debug@^4.1.0:
  version "4.3.4"
  resolved "https://registry.npmjs.org/debug/-/debug-4.3.4.tgz"
  integrity sha512-PRWFHuSU3eDtQJPvnNY7Jcket1j0t5OuOsFzPPzsekD52Zl8qUfFIPEiswXqIvHWGVHOgX+7G/vCNNhehwxfkQ==
  dependencies:
    ms "2.1.2"

detect-node-es@^1.1.0:
  version "1.1.0"

dotenv@^16.0.3:
  version "16.0.3"

electron-to-chromium@^1.4.411:
  version "1.4.414"
  resolved "https://registry.npmjs.org/electron-to-chromium/-/electron-to-chromium-1.4.414.tgz"
  integrity sha512-RRuCvP6ekngVh2SAJaOKT/hxqc9JAsK+Pe0hP5tGQIfonU2Zy9gMGdJ+mBdyl/vNucMG6gkXYtuM4H/1giws5w==

error-ex@^1.3.1:
  version "1.3.2"
  dependencies:
    is-arrayish "^0.2.1"

esbuild@^0.16.3:
  version "0.16.17"
  optionalDependencies:
    "@esbuild/android-arm" "0.16.17"
    "@esbuild/android-arm64" "0.16.17"
    "@esbuild/android-x64" "0.16.17"
    "@esbuild/darwin-arm64" "0.16.17"
    "@esbuild/darwin-x64" "0.16.17"
    "@esbuild/freebsd-arm64" "0.16.17"
    "@esbuild/freebsd-x64" "0.16.17"
    "@esbuild/linux-arm" "0.16.17"
    "@esbuild/linux-arm64" "0.16.17"
    "@esbuild/linux-ia32" "0.16.17"
    "@esbuild/linux-loong64" "0.16.17"
    "@esbuild/linux-mips64el" "0.16.17"
    "@esbuild/linux-ppc64" "0.16.17"
    "@esbuild/linux-riscv64" "0.16.17"
    "@esbuild/linux-s390x" "0.16.17"
    "@esbuild/linux-x64" "0.16.17"
    "@esbuild/netbsd-x64" "0.16.17"
    "@esbuild/openbsd-x64" "0.16.17"
    "@esbuild/sunos-x64" "0.16.17"
    "@esbuild/win32-arm64" "0.16.17"
    "@esbuild/win32-ia32" "0.16.17"
    "@esbuild/win32-x64" "0.16.17"

escalade@^3.1.1:
  version "3.1.1"
  resolved "https://registry.npmjs.org/escalade/-/escalade-3.1.1.tgz"
  integrity sha512-k0er2gUkLf8O0zKJiAhmkTnJlTvINGv7ygDNPbeIsX/TJjGJZHuh9B2UxbsaEkmlEo9MfhrSzmhIlhRlI2GXnw==

escape-string-regexp@^1.0.5:
  version "1.0.5"

escape-string-regexp@^4.0.0:
  version "4.0.0"

find-root@^1.1.0:
  version "1.1.0"

focus-lock@^0.11.2:
  version "0.11.4"
  dependencies:
    tslib "^2.0.3"

framer-motion@^6, framer-motion@>=4.0.0:
  version "6.5.1"
  dependencies:
    "@motionone/dom" "10.12.0"
    framesync "6.0.1"
    hey-listen "^1.0.8"
    popmotion "11.0.3"
    style-value-types "5.0.0"
    tslib "^2.1.0"
  optionalDependencies:
    "@emotion/is-prop-valid" "^0.8.2"

framesync@6.0.1:
  version "6.0.1"
  dependencies:
    tslib "^2.1.0"

framesync@6.1.2:
  version "6.1.2"
  dependencies:
    tslib "2.4.0"

function-bind@^1.1.1:
  version "1.1.1"

gensync@^1.0.0-beta.2:
  version "1.0.0-beta.2"
  resolved "https://registry.npmjs.org/gensync/-/gensync-1.0.0-beta.2.tgz"
  integrity sha512-3hN7NaskYvMDLQY55gnW3NQ+mesEAepTqlg+VEbj7zzqEMBVNhzcGYYeqFo/TlYz6eQiFcp1HcsCZO+nGgS8zg==

get-nonce@^1.0.0:
  version "1.0.1"

globals@^11.1.0:
  version "11.12.0"
  resolved "https://registry.npmjs.org/globals/-/globals-11.12.0.tgz"
  integrity sha512-WOBp/EEGUiIsJSp7wcv/y6MO+lV9UoncWqxuFfm8eBwzWNgyfBd6Gz+IeKQ9jCmyhoH99g15M3T+QaVHFjizVA==

has-flag@^3.0.0:
  version "3.0.0"

has@^1.0.3:
  version "1.0.3"
  dependencies:
    function-bind "^1.1.1"

hey-listen@^1.0.8:
  version "1.0.8"

hoist-non-react-statics@^3.3.1:
  version "3.3.2"
  dependencies:
    react-is "^16.7.0"

import-fresh@^3.2.1:
  version "3.3.0"
  dependencies:
    parent-module "^1.0.0"
    resolve-from "^4.0.0"

invariant@^2.2.4:
  version "2.2.4"
  dependencies:
    loose-envify "^1.0.0"

is-arrayish@^0.2.1:
  version "0.2.1"

is-core-module@^2.9.0:
  version "2.11.0"
  dependencies:
    has "^1.0.3"

"js-tokens@^3.0.0 || ^4.0.0", js-tokens@^4.0.0:
  version "4.0.0"

jsesc@^2.5.1:
  version "2.5.2"
  resolved "https://registry.npmjs.org/jsesc/-/jsesc-2.5.2.tgz"
  integrity sha512-OYu7XEzjkCQ3C5Ps3QIZsQfNpqoJyZZA99wd9aWd05NCtC5pWOkShK2mkL6HXQR6/Cy2lbNdPlZBpuQHXE63gA==

json-parse-even-better-errors@^2.3.0:
  version "2.3.1"

json5@^2.2.2:
  version "2.2.3"
  resolved "https://registry.npmjs.org/json5/-/json5-2.2.3.tgz"
  integrity sha512-XmOWe7eyHYH14cLdVPoyg+GOH3rYX++KpzrylJwSW98t3Nk+U8XOl8FWKOgwtzdb8lXGf6zYwDUzeHMWfxasyg==

lines-and-columns@^1.1.6:
  version "1.2.4"

lodash.mergewith@4.6.2:
  version "4.6.2"

loose-envify@^1.0.0, loose-envify@^1.1.0, loose-envify@^1.4.0:
  version "1.4.0"
  dependencies:
    js-tokens "^3.0.0 || ^4.0.0"

lru-cache@^5.1.1:
  version "5.1.1"
  resolved "https://registry.npmjs.org/lru-cache/-/lru-cache-5.1.1.tgz"
  integrity sha512-KpNARQA3Iwv+jTA0utUVVbrh+Jlrr1Fv0e56GGzAFOXN7dk/FviaDW8LHmK52DlcH4WP2n6gI8vN1aesBFgo9w==
  dependencies:
    yallist "^3.0.2"

ms@2.1.2:
  version "2.1.2"
  resolved "https://registry.npmjs.org/ms/-/ms-2.1.2.tgz"
  integrity sha512-sGkPx+VjMtmA6MX27oA4FBFELFCZZ4S4XqeGOXCv68tT+jb3vk/RyaKWP0PTKyWtmLSM0b+adUTEvbs1PEaH2w==

nanoid@^3.3.4:
  version "3.3.4"

node-releases@^2.0.12:
  version "2.0.12"
  resolved "https://registry.npmjs.org/node-releases/-/node-releases-2.0.12.tgz"
  integrity sha512-QzsYKWhXTWx8h1kIvqfnC++o0pEmpRQA/aenALsL2F4pqNVr7YzcdMlDij5WBnwftRbJCNJL/O7zdKaxKPHqgQ==

object-assign@^4.1.1:
  version "4.1.1"

parent-module@^1.0.0:
  version "1.0.1"
  dependencies:
    callsites "^3.0.0"

parse-json@^5.0.0:
  version "5.2.0"
  dependencies:
    "@babel/code-frame" "^7.0.0"
    error-ex "^1.3.1"
    json-parse-even-better-errors "^2.3.0"
    lines-and-columns "^1.1.6"

path-parse@^1.0.7:
  version "1.0.7"

path-type@^4.0.0:
  version "4.0.0"

picocolors@^1.0.0:
  version "1.0.0"

popmotion@11.0.3:
  version "11.0.3"
  dependencies:
    framesync "6.0.1"
    hey-listen "^1.0.8"
    style-value-types "5.0.0"
    tslib "^2.1.0"

postcss@^8.4.20:
  version "8.4.21"
  dependencies:
    nanoid "^3.3.4"
    picocolors "^1.0.0"
    source-map-js "^1.0.2"

prop-types@^15.6.2:
  version "15.8.1"
  dependencies:
    loose-envify "^1.4.0"
    object-assign "^4.1.1"
    react-is "^16.13.1"

react-clientside-effect@^1.2.6:
  version "1.2.6"
  dependencies:
    "@babel/runtime" "^7.12.13"

react-dom@^18.2.0, react-dom@>=16.8, "react-dom@>=16.8 || ^17.0.0 || ^18.0.0", react-dom@>=18:
  version "18.2.0"
  dependencies:
    loose-envify "^1.1.0"
    scheduler "^0.23.0"

react-fast-compare@3.2.0:
  version "3.2.0"

react-focus-lock@^2.9.2:
  version "2.9.2"
  dependencies:
    "@babel/runtime" "^7.0.0"
    focus-lock "^0.11.2"
    prop-types "^15.6.2"
    react-clientside-effect "^1.2.6"
    use-callback-ref "^1.3.0"
    use-sidecar "^1.1.2"

react-is@^16.13.1, react-is@^16.7.0:
  version "16.13.1"

react-remove-scroll-bar@^2.3.3:
  version "2.3.4"
  dependencies:
    react-style-singleton "^2.2.1"
    tslib "^2.0.0"

react-remove-scroll@^2.5.5:
  version "2.5.5"
  dependencies:
    react-remove-scroll-bar "^2.3.3"
    react-style-singleton "^2.2.1"
    tslib "^2.1.0"
    use-callback-ref "^1.3.0"
    use-sidecar "^1.1.2"

react-router-dom@^6.6.2:
  version "6.6.2"
  dependencies:
    "@remix-run/router" "1.2.1"
    react-router "6.6.2"

react-router@6.6.2:
  version "6.6.2"
  dependencies:
    "@remix-run/router" "1.2.1"

react-style-singleton@^2.2.1:
  version "2.2.1"
  dependencies:
    get-nonce "^1.0.0"
    invariant "^2.2.4"
    tslib "^2.0.0"

"react@^15.3.0 || ^16.0.0 || ^17.0.0 || ^18.0.0", "react@^16.11.0 || ^17.0.0 || ^18.0.0", "react@^16.8.0 || ^17.0.0 || ^18.0.0", "react@^16.9.0 || ^17.0.0 || ^18.0.0", react@^18.2.0, react@>=16.8, "react@>=16.8 || ^17.0.0 || ^18.0.0", react@>=16.8.0, react@>=18:
  version "18.2.0"
  dependencies:
    loose-envify "^1.1.0"

regenerator-runtime@^0.13.11:
  version "0.13.11"

resolve-from@^4.0.0:
  version "4.0.0"

resolve@^1.19.0, resolve@^1.22.1:
  version "1.22.1"
  dependencies:
    is-core-module "^2.9.0"
    path-parse "^1.0.7"
    supports-preserve-symlinks-flag "^1.0.0"

rollup@^3.7.0:
  version "3.10.0"
  optionalDependencies:
    fsevents "~2.3.2"

scheduler@^0.23.0:
  version "0.23.0"
  dependencies:
    loose-envify "^1.1.0"

semver@^6.3.0:
  version "6.3.0"
  resolved "https://registry.npmjs.org/semver/-/semver-6.3.0.tgz"
  integrity sha512-b39TBaTSfV6yBrapU89p5fKekE2m/NwnDocOVruQFS1/veMgdzuPcnOM34M6CwxW8jH/lxEa5rBoDeUwu5HHTw==

source-map-js@^1.0.2:
  version "1.0.2"

source-map@^0.5.7:
  version "0.5.7"

style-value-types@5.0.0:
  version "5.0.0"
  dependencies:
    hey-listen "^1.0.8"
    tslib "^2.1.0"

stylis@4.1.3:
  version "4.1.3"

supports-color@^5.3.0:
  version "5.5.0"
  dependencies:
    has-flag "^3.0.0"

supports-preserve-symlinks-flag@^1.0.0:
  version "1.0.0"

swr@^2.0.1:
  version "2.0.1"
  dependencies:
    use-sync-external-store "^1.2.0"

tiny-invariant@^1.0.6:
  version "1.3.1"

to-fast-properties@^2.0.0:
  version "2.0.0"

toggle-selection@^1.0.6:
  version "1.0.6"

tslib@^2.0.0, tslib@^2.0.3, tslib@^2.1.0, tslib@^2.3.1:
  version "2.4.1"

tslib@2.4.0:
  version "2.4.0"

typescript@^4.9.3:
  version "4.9.4"

update-browserslist-db@^1.0.11:
  version "1.0.11"
  resolved "https://registry.npmjs.org/update-browserslist-db/-/update-browserslist-db-1.0.11.tgz"
  integrity sha512-dCwEFf0/oT85M1fHBg4F0jtLwJrutGoHSQXCh7u4o2t1drG+c0a9Flnqww6XUKSfQMPpJBRjU8d4RXB09qtvaA==
  dependencies:
    escalade "^3.1.1"
    picocolors "^1.0.0"

use-callback-ref@^1.3.0:
  version "1.3.0"
  dependencies:
    tslib "^2.0.0"

use-sidecar@^1.1.2:
  version "1.1.2"
  dependencies:
    detect-node-es "^1.1.0"
    tslib "^2.0.0"

use-sync-external-store@^1.2.0:
  version "1.2.0"

vite@^4, vite@^4.0.0:
  version "4.0.4"
  dependencies:
    esbuild "^0.16.3"
    postcss "^8.4.20"
    resolve "^1.22.1"
    rollup "^3.7.0"
  optionalDependencies:
    fsevents "~2.3.2"

yallist@^3.0.2:
  version "3.1.1"
  resolved "https://registry.npmjs.org/yallist/-/yallist-3.1.1.tgz"
  integrity sha512-a4UGQaWPH59mOXUYnAG2ewncQS4i4F43Tv3JoAM+s2VDAmS9NsK8GpDMLrCHPksFT7h3K6TOoUNn2pb7RoXx4g==

yaml@^1.10.0:
  version "1.10.2"
